{
    "_readme": [
        "This file locks the dependencies of your project to a known state",
        "Read more about it at https://getcomposer.org/doc/01-basic-usage.md#installing-dependencies",
        "This file is @generated automatically"
    ],
    "content-hash": "27b97ae8fbe53c2ca05e3975c9764437",
    "packages": [
        {
            "name": "anvilm/php.transport",
            "version": "v2.0.0",
            "source": {
                "type": "git",
                "url": "https://github.com/AnvilM/php.transport.git",
                "reference": "dd283d05b5873c22b1eb5d66093508b7d2475245"
            },
            "dist": {
                "type": "zip",
                "url": "https://api.github.com/repos/AnvilM/php.transport/zipball/dd283d05b5873c22b1eb5d66093508b7d2475245",
                "reference": "dd283d05b5873c22b1eb5d66093508b7d2475245",
                "shasum": ""
            },
            "require": {
                "ext-sockets": "*",
                "php": ">= 7.1"
            },
            "type": "library",
            "autoload": {
                "psr-4": {
                    "Anvil\\TCPClient\\": "src/"
                }
            },
            "notification-url": "https://packagist.org/downloads/",
            "license": [
                "MIT"
            ],
            "authors": [
                {
                    "name": "anvilm",
                    "email": "211anvil112@gmail.com"
                }
            ],
            "support": {
                "issues": "https://github.com/AnvilM/php.transport/issues",
                "source": "https://github.com/AnvilM/php.transport/tree/v2.0.0"
            },
            "time": "2025-01-08T05:44:12+00:00"
        }
    ],
    "packages-dev": [],
    "aliases": [],
    "minimum-stability": "stable",
    "stability-flags": [],
    "prefer-stable": false,
    "prefer-lowest": false,
    "platform": {
        "php": ">=7.1"
    },
    "platform-dev": [],
    "plugin-api-version": "2.6.0"
}
